
Microsoft Visual Studio Solution File, Format Version 12.00
# Visual Studio Version 16
VisualStudioVersion = 16.0.31205.134
MinimumVisualStudioVersion = 10.0.40219.1
Project("{FAE04EC0-301F-11D3-BF4B-00C04F79EFBC}") = "Entities", "Entities\Entities.csproj", "{88F7D6B7-7CCB-4FA0-AF60-97CCDE60B76C}"
EndProject
Project("{FAE04EC0-301F-11D3-BF4B-00C04F79EFBC}") = "Business", "Business\Business.csproj", "{152E6397-2883-4EE4-B057-0C673CF12BA4}"
EndProject
Project("{FAE04EC0-301F-11D3-BF4B-00C04F79EFBC}") = "DataAccess", "DataAccess\DataAccess.csproj", "{2B016A25-0E82-49EF-9D2C-BA38DE2F88C6}"
EndProject
Project("{FAE04EC0-301F-11D3-BF4B-00C04F79EFBC}") = "ConsoleUI", "ConsoleUI\ConsoleUI.csproj", "{90C3A130-C8C8-4201-98C3-ACAF8D12A47C}"
EndProject
Global
	GlobalSection(SolutionConfigurationPlatforms) = preSolution
		Debug|Any CPU = Debug|Any CPU
		Release|Any CPU = Release|Any CPU
	EndGlobalSection
	GlobalSection(ProjectConfigurationPlatforms) = postSolution
		{88F7D6B7-7CCB-4FA0-AF60-97CCDE60B76C}.Debug|Any CPU.ActiveCfg = Debug|Any CPU
		{88F7D6B7-7CCB-4FA0-AF60-97CCDE60B76C}.Debug|Any CPU.Build.0 = Debug|Any CPU
		{88F7D6B7-7CCB-4FA0-AF60-97CCDE60B76C}.Release|Any CPU.ActiveCfg = Release|Any CPU
		{88F7D6B7-7CCB-4FA0-AF60-97CCDE60B76C}.Release|Any CPU.Build.0 = Release|Any CPU
		{152E6397-2883-4EE4-B057-0C673CF12BA4}.Debug|Any CPU.ActiveCfg = Debug|Any CPU
		{152E6397-2883-4EE4-B057-0C673CF12BA4}.Debug|Any CPU.Build.0 = Debug|Any CPU
		{152E6397-2883-4EE4-B057-0C673CF12BA4}.Release|Any CPU.ActiveCfg = Release|Any CPU
		{152E6397-2883-4EE4-B057-0C673CF12BA4}.Release|Any CPU.Build.0 = Release|Any CPU
		{2B016A25-0E82-49EF-9D2C-BA38DE2F88C6}.Debug|Any CPU.ActiveCfg = Debug|Any CPU
		{2B016A25-0E82-49EF-9D2C-BA38DE2F88C6}.Debug|Any CPU.Build.0 = Debug|Any CPU
		{2B016A25-0E82-49EF-9D2C-BA38DE2F88C6}.Release|Any CPU.ActiveCfg = Release|Any CPU
		{2B016A25-0E82-49EF-9D2C-BA38DE2F88C6}.Release|Any CPU.Build.0 = Release|Any CPU
		{90C3A130-C8C8-4201-98C3-ACAF8D12A47C}.Debug|Any CPU.ActiveCfg = Debug|Any CPU
		{90C3A130-C8C8-4201-98C3-ACAF8D12A47C}.Debug|Any CPU.Build.0 = Debug|Any CPU
		{90C3A130-C8C8-4201-98C3-ACAF8D12A47C}.Release|Any CPU.ActiveCfg = Release|Any CPU
		{90C3A130-C8C8-4201-98C3-ACAF8D12A47C}.Release|Any CPU.Build.0 = Release|Any CPU
	EndGlobalSection
	GlobalSection(SolutionProperties) = preSolution
		HideSolutionNode = FALSE
	EndGlobalSection
	GlobalSection(ExtensibilityGlobals) = postSolution
		SolutionGuid = {8F930C0B-9349-40F8-8DF1-D9FE4A3798C0}
	EndGlobalSection
EndGlobal
